# This file is automatically @generated by Cargo.
# It is not intended for manual editing.
version = 4

[[package]]
name = "forge"
version = "0.1.0"
dependencies = [
 "tungsten-lsp",
 "tungsten-syntax",
 "tungsten-tir",
 "tungsten-typeck",
 "tungsten-vm",
]

[[package]]
name = "tungsten-lsp"
version = "0.1.0"
dependencies = [
 "tungsten-syntax",
 "tungsten-typeck",
]

[[package]]
name = "tungsten-syntax"
version = "0.1.0"

[[package]]
name = "tungsten-tir"
version = "0.1.0"
dependencies = [
 "tungsten-syntax",
 "tungsten-typeck",
]

[[package]]
name = "tungsten-typeck"
version = "0.1.0"
dependencies = [
 "tungsten-syntax",
]

[[package]]
name = "tungsten-vm"
version = "0.1.0"
dependencies = [
 "tungsten-syntax",
 "tungsten-typeck",
]
